// !$*UTF8*$!
{
	archiveVersion = 1;
	classes = {
	};
	objectVersion = 48;
	objects = {

/* Begin PBXBuildFile section */
		601013E21FB08A8200929CA3 /* AppleProduct.swift in Sources */ = {isa = PBXBuildFile; fileRef = 601013E11FB08A8200929CA3 /* AppleProduct.swift */; };
		601013E41FB08B4100929CA3 /* CustomPrettyView.swift in Sources */ = {isa = PBXBuildFile; fileRef = 601013E31FB08B4100929CA3 /* CustomPrettyView.swift */; };
		60500AD71FB0729900FB1C6B /* AppDelegate.swift in Sources */ = {isa = PBXBuildFile; fileRef = 60500AD61FB0729900FB1C6B /* AppDelegate.swift */; };
		60500AD91FB0729900FB1C6B /* ViewController.swift in Sources */ = {isa = PBXBuildFile; fileRef = 60500AD81FB0729900FB1C6B /* ViewController.swift */; };
		60500ADC1FB0729900FB1C6B /* Main.storyboard in Resources */ = {isa = PBXBuildFile; fileRef = 60500ADA1FB0729900FB1C6B /* Main.storyboard */; };
		60500ADE1FB0729900FB1C6B /* Assets.xcassets in Resources */ = {isa = PBXBuildFile; fileRef = 60500ADD1FB0729900FB1C6B /* Assets.xcassets */; };
		60500AE11FB0729900FB1C6B /* LaunchScreen.storyboard in Resources */ = {isa = PBXBuildFile; fileRef = 60500ADF1FB0729900FB1C6B /* LaunchScreen.storyboard */; };
/* End PBXBuildFile section */

/* Begin PBXFileReference section */
		601013E11FB08A8200929CA3 /* AppleProduct.swift */ = {isa = PBXFileReference; lastKnownFileType = sourcecode.swift; path = AppleProduct.swift; sourceTree = "<group>"; };
		601013E31FB08B4100929CA3 /* CustomPrettyView.swift */ = {isa = PBXFileReference; lastKnownFileType = sourcecode.swift; path = CustomPrettyView.swift; sourceTree = "<group>"; };
		60500AD31FB0729900FB1C6B /* IntroToMVC.app */ = {isa = PBXFileReference; explicitFileType = wrapper.application; includeInIndex = 0; path = IntroToMVC.app; sourceTree = BUILT_PRODUCTS_DIR; };
		60500AD61FB0729900FB1C6B /* AppDelegate.swift */ = {isa = PBXFileReference; lastKnownFileType = sourcecode.swift; path = AppDelegate.swift; sourceTree = "<group>"; };
		60500AD81FB0729900FB1C6B /* ViewController.swift */ = {isa = PBXFileReference; lastKnownFileType = sourcecode.swift; path = ViewController.swift; sourceTree = "<group>"; };
		60500ADB1FB0729900FB1C6B /* Base */ = {isa = PBXFileReference; lastKnownFileType = file.storyboard; name = Base; path = Base.lproj/Main.storyboard; sourceTree = "<group>"; };
		60500ADD1FB0729900FB1C6B /* Assets.xcassets */ = {isa = PBXFileReference; lastKnownFileType = folder.assetcatalog; path = Assets.xcassets; sourceTree = "<group>"; };
		60500AE01FB0729900FB1C6B /* Base */ = {isa = PBXFileReference; lastKnownFileType = file.storyboard; name = Base; path = Base.lproj/LaunchScreen.storyboard; sourceTree = "<group>"; };
		60500AE21FB0729900FB1C6B /* Info.plist */ = {isa = PBXFileReference; lastKnownFileType = text.plist.xml; path = Info.plist; sourceTree = "<group>"; };
/* End PBXFileReference section */

/* Begin PBXFrameworksBuildPhase section */
		60500AD01FB0729900FB1C6B /* Frameworks */ = {
			isa = PBXFrameworksBuildPhase;
			buildActionMask = 2147483647;
			files = (
			);
			runOnlyForDeploymentPostprocessing = 0;
		};
/* End PBXFrameworksBuildPhase section */

/* Begin PBXGroup section */
		601013DE1FB088AA00929CA3 /* Controller */ = {
			isa = PBXGroup;
			children = (
				60500AD81FB0729900FB1C6B /* ViewController.swift */,
			);
			path = Controller;
			sourceTree = "<group>";
		};
		601013DF1FB088B400929CA3 /* View */ = {
			isa = PBXGroup;
			children = (
				601013E31FB08B4100929CA3 /* CustomPrettyView.swift */,
			);
			path = View;
			sourceTree = "<group>";
		};
		601013E01FB088BC00929CA3 /* Model */ = {
			isa = PBXGroup;
			children = (
				601013E11FB08A8200929CA3 /* AppleProduct.swift */,
			);
			path = Model;
			sourceTree = "<group>";
		};
		60500ACA1FB0729900FB1C6B = {
			isa = PBXGroup;
			children = (
				60500AD51FB0729900FB1C6B /* IntroToMVC */,
				60500AD41FB0729900FB1C6B /* Products */,
			);
			sourceTree = "<group>";
		};
		60500AD41FB0729900FB1C6B /* Products */ = {
			isa = PBXGroup;
			children = (
				60500AD31FB0729900FB1C6B /* IntroToMVC.app */,
			);
			name = Products;
			sourceTree = "<group>";
		};
		60500AD51FB0729900FB1C6B /* IntroToMVC */ = {
			isa = PBXGroup;
			children = (
				601013E01FB088BC00929CA3 /* Model */,
				601013DF1FB088B400929CA3 /* View */,
				601013DE1FB088AA00929CA3 /* Controller */,
				60500AD61FB0729900FB1C6B /* AppDelegate.swift */,
				60500ADA1FB0729900FB1C6B /* Main.storyboard */,
				60500ADD1FB0729900FB1C6B /* Assets.xcassets */,
				60500ADF1FB0729900FB1C6B /* LaunchScreen.storyboard */,
				60500AE21FB0729900FB1C6B /* Info.plist */,
			);
			path = IntroToMVC;
			sourceTree = "<group>";
		};
/* End PBXGroup section */

/* Begin PBXNativeTarget section */
		60500AD21FB0729900FB1C6B /* IntroToMVC */ = {
			isa = PBXNativeTarget;
			buildConfigurationList = 60500AE51FB0729900FB1C6B /* Build configuration list for PBXNativeTarget "IntroToMVC" */;
			buildPhases = (
				60500ACF1FB0729900FB1C6B /* Sources */,
				60500AD01FB0729900FB1C6B /* Frameworks */,
				60500AD11FB0729900FB1C6B /* Resources */,
			);
			buildRules = (
			);
			dependencies = (
			);
			name = IntroToMVC;
			productName = IntroToMVC;
			productReference = 60500AD31FB0729900FB1C6B /* IntroToMVC.app */;
			productType = "com.apple.product-type.application";
		};
/* End PBXNativeTarget section */

/* Begin PBXProject section */
		60500ACB1FB0729900FB1C6B /* Project object */ = {
			isa = PBXProject;
			attributes = {
				LastSwiftUpdateCheck = 0910;
				LastUpgradeCheck = 0910;
				ORGANIZATIONNAME = "Jakub Majewski";
				TargetAttributes = {
					60500AD21FB0729900FB1C6B = {
						CreatedOnToolsVersion = 9.1;
						ProvisioningStyle = Automatic;
					};
				};
			};
			buildConfigurationList = 60500ACE1FB0729900FB1C6B /* Build configuration list for PBXProject "IntroToMVC" */;
			compatibilityVersion = "Xcode 8.0";
			developmentRegion = en;
			hasScannedForEncodings = 0;
			knownRegions = (
				en,
				Base,
			);
			mainGroup = 60500ACA1FB0729900FB1C6B;
			productRefGroup = 60500AD41FB0729900FB1C6B /* Products */;
			projectDirPath = "";
			projectRoot = "";
			targets = (
				60500AD21FB0729900FB1C6B /* IntroToMVC */,
			);
		};
/* End PBXProject section */

/* Begin PBXResourcesBuildPhase section */
		60500AD11FB0729900FB1C6B /* Resources */ = {
			isa = PBXResourcesBuildPhase;
			buildActionMask = 2147483647;
			files = (
				60500AE11FB0729900FB1C6B /* LaunchScreen.storyboard in Resources */,
				60500ADE1FB0729900FB1C6B /* Assets.xcassets in Resources */,
				60500ADC1FB0729900FB1C6B /* Main.storyboard in Resources */,
			);
			runOnlyForDeploymentPostprocessing = 0;
		};
/* End PBXResourcesBuildPhase section */

/* Begin PBXSourcesBuildPhase section */
		60500ACF1FB0729900FB1C6B /* Sources */ = {
			isa = PBXSourcesBuildPhase;
			buildActionMask = 2147483647;
			files = (
				601013E21FB08A8200929CA3 /* AppleProduct.swift in Sources */,
				60500AD91FB0729900FB1C6B /* ViewController.swift in Sources */,
				60500AD71FB0729900FB1C6B /* AppDelegate.swift in Sources */,
				601013E41FB08B4100929CA3 /* CustomPrettyView.swift in Sources */,
			);
			runOnlyForDeploymentPostprocessing = 0;
		};
/* End PBXSourcesBuildPhase section */

/* Begin PBXVariantGroup section */
		60500ADA1FB0729900FB1C6B /* Main.storyboard */ = {
			isa = PBXVariantGroup;
			children = (
				60500ADB1FB0729900FB1C6B /* Base */,
			);
			name = Main.storyboard;
			sourceTree = "<group>";
		};
		60500ADF1FB0729900FB1C6B /* LaunchScreen.storyboard */ = {
			isa = PBXVariantGroup;
			children = (
				60500AE01FB0729900FB1C6B /* Base */,
			);
			name = LaunchScreen.storyboard;
			sourceTree = "<group>";
		};
/* End PBXVariantGroup section */

/* Begin XCBuildConfiguration section */
		60500AE31FB0729900FB1C6B /* Debug */ = {
			isa = XCBuildConfiguration;
			buildSettings = {
				ALWAYS_SEARCH_USER_PATHS = NO;
				CLANG_ANALYZER_NONNULL = YES;
				CLANG_ANALYZER_NUMBER_OBJECT_CONVERSION = YES_AGGRESSIVE;
				CLANG_CXX_LANGUAGE_STANDARD = "gnu++14";
				CLANG_CXX_LIBRARY = "libc++";
				CLANG_ENABLE_MODULES = YES;
				CLANG_ENABLE_OBJC_ARC = YES;
				CLANG_WARN_BLOCK_CAPTURE_AUTORELEASING = YES;
				CLANG_WARN_BOOL_CONVERSION = YES;
				CLANG_WARN_COMMA = YES;
				CLANG_WARN_CONSTANT_CONVERSION = YES;
				CLANG_WARN_DIRECT_OBJC_ISA_USAGE = YES_ERROR;
				CLANG_WARN_DOCUMENTATION_COMMENTS = YES;
				CLANG_WARN_EMPTY_BODY = YES;
				CLANG_WARN_ENUM_CONVERSION = YES;
				CLANG_WARN_INFINITE_RECURSION = YES;
				CLANG_WARN_INT_CONVERSION = YES;
				CLANG_WARN_NON_LITERAL_NULL_CONVERSION = YES;
				CLANG_WARN_OBJC_LITERAL_CONVERSION = YES;
				CLANG_WARN_OBJC_ROOT_CLASS = YES_ERROR;
				CLANG_WARN_RANGE_LOOP_ANALYSIS = YES;
				CLANG_WARN_STRICT_PROTOTYPES = YES;
				CLANG_WARN_SUSPICIOUS_MOVE = YES;
				CLANG_WARN_UNGUARDED_AVAILABILITY = YES_AGGRESSIVE;
				CLANG_WARN_UNREACHABLE_CODE = YES;
				CLANG_WARN__DUPLICATE_METHOD_MATCH = YES;
				CODE_SIGN_IDENTITY = "iPhone Developer";
				COPY_PHASE_STRIP = NO;
				DEBUG_INFORMATION_FORMAT = dwarf;
				ENABLE_STRICT_OBJC_MSGSEND = YES;
				ENABLE_TESTABILITY = YES;
				GCC_C_LANGUAGE_STANDARD = gnu11;
				GCC_DYNAMIC_NO_PIC = NO;
				GCC_NO_COMMON_BLOCKS = YES;
				GCC_OPTIMIZATION_LEVEL = 0;
				GCC_PREPROCESSOR_DEFINITIONS = (
					"DEBUG=1",
					"$(inherited)",
				);
				GCC_WARN_64_TO_32_BIT_CONVERSION = YES;
				GCC_WARN_ABOUT_RETURN_TYPE = YES_ERROR;
				GCC_WARN_UNDECLARED_SELECTOR = YES;
				GCC_WARN_UNINITIALIZED_AUTOS = YES_AGGRESSIVE;
				GCC_WARN_UNUSED_FUNCTION = YES;
				GCC_WARN_UNUSED_VARIABLE = YES;
				IPHONEOS_DEPLOYMENT_TARGET = 11.1;
				MTL_ENABLE_DEBUG_INFO = YES;
				ONLY_ACTIVE_ARCH = YES;
				SDKROOT = iphoneos;
				SWIFT_ACTIVE_COMPILATION_CONDITIONS = DEBUG;
				SWIFT_OPTIMIZATION_LEVEL = "-Onone";
			};
			name = Debug;
		};
		60500AE41FB0729900FB1C6B /* Release */ = {
			isa = XCBuildConfiguration;
			buildSettings = {
				ALWAYS_SEARCH_USER_PATHS = NO;
				CLANG_ANALYZER_NONNULL = YES;
				CLANG_ANALYZER_NUMBER_OBJECT_CONVERSION = YES_AGGRESSIVE;
				CLANG_CXX_LANGUAGE_STANDARD = "gnu++14";
				CLANG_CXX_LIBRARY = "libc++";
				CLANG_ENABLE_MODULES = YES;
				CLANG_ENABLE_OBJC_ARC = YES;
				CLANG_WARN_BLOCK_CAPTURE_AUTORELEASING = YES;
				CLANG_WARN_BOOL_CONVERSION = YES;
				CLANG_WARN_COMMA = YES;
				CLANG_WARN_CONSTANT_CONVERSION = YES;
				CLANG_WARN_DIRECT_OBJC_ISA_USAGE = YES_ERROR;
				CLANG_WARN_DOCUMENTATION_COMMENTS = YES;
				CLANG_WARN_EMPTY_BODY = YES;
				CLANG_WARN_ENUM_CONVERSION = YES;
				CLANG_WARN_INFINITE_RECURSION = YES;
				CLANG_WARN_INT_CONVERSION = YES;
				CLANG_WARN_NON_LITERAL_NULL_CONVERSION = YES;
				CLANG_WARN_OBJC_LITERAL_CONVERSION = YES;
				CLANG_WARN_OBJC_ROOT_CLASS = YES_ERROR;
				CLANG_WARN_RANGE_LOOP_ANALYSIS = YES;
				CLANG_WARN_STRICT_PROTOTYPES = YES;
				CLANG_WARN_SUSPICIOUS_MOVE = YES;
				CLANG_WARN_UNGUARDED_AVAILABILITY = YES_AGGRESSIVE;
				CLANG_WARN_UNREACHABLE_CODE = YES;
				CLANG_WARN__DUPLICATE_METHOD_MATCH = YES;
				CODE_SIGN_IDENTITY = "iPhone Developer";
				COPY_PHASE_STRIP = NO;
				DEBUG_INFORMATION_FORMAT = "dwarf-with-dsym";
				ENABLE_NS_ASSERTIONS = NO;
				ENABLE_STRICT_OBJC_MSGSEND = YES;
				GCC_C_LANGUAGE_STANDARD = gnu11;
				GCC_NO_COMMON_BLOCKS = YES;
				GCC_WARN_64_TO_32_BIT_CONVERSION = YES;
				GCC_WARN_ABOUT_RETURN_TYPE = YES_ERROR;
				GCC_WARN_UNDECLARED_SELECTOR = YES;
				GCC_WARN_UNINITIALIZED_AUTOS = YES_AGGRESSIVE;
				GCC_WARN_UNUSED_FUNCTION = YES;
				GCC_WARN_UNUSED_VARIABLE = YES;
				IPHONEOS_DEPLOYMENT_TARGET = 11.1;
				MTL_ENABLE_DEBUG_INFO = NO;
				SDKROOT = iphoneos;
				SWIFT_OPTIMIZATION_LEVEL = "-Owholemodule";
				VALIDATE_PRODUCT = YES;
			};
			name = Release;
		};
		60500AE61FB0729900FB1C6B /* Debug */ = {
			isa = XCBuildConfiguration;
			buildSettings = {
				ASSETCATALOG_COMPILER_APPICON_NAME = AppIcon;
				CODE_SIGN_STYLE = Automatic;
				DEVELOPMENT_TEAM = 925758Y7C6;
				INFOPLIST_FILE = IntroToMVC/Info.plist;
				LD_RUNPATH_SEARCH_PATHS = "$(inherited) @executable_path/Frameworks";
				PRODUCT_BUNDLE_IDENTIFIER = pl.fefercode.IntroToMVC;
				PRODUCT_NAME = "$(TARGET_NAME)";
				SWIFT_VERSION = 4.0;
				TARGETED_DEVICE_FAMILY = "1,2";
			};
			name = Debug;
		};
		60500AE71FB0729900FB1C6B /* Release */ = {
			isa = XCBuildConfiguration;
			buildSettings = {
				ASSETCATALOG_COMPILER_APPICON_NAME = AppIcon;
				CODE_SIGN_STYLE = Automatic;
				DEVELOPMENT_TEAM = 925758Y7C6;
				INFOPLIST_FILE = IntroToMVC/Info.plist;
				LD_RUNPATH_SEARCH_PATHS = "$(inherited) @executable_path/Frameworks";
				PRODUCT_BUNDLE_IDENTIFIER = pl.fefercode.IntroToMVC;
				PRODUCT_NAME = "$(TARGET_NAME)";
				SWIFT_VERSION = 4.0;
				TARGETED_DEVICE_FAMILY = "1,2";
			};
			name = Release;
		};
/* End XCBuildConfiguration section */

/* Begin XCConfigurationList section */
		60500ACE1FB0729900FB1C6B /* Build configuration list for PBXProject "IntroToMVC" */ = {
			isa = XCConfigurationList;
			buildConfigurations = (
				60500AE31FB0729900FB1C6B /* Debug */,
				60500AE41FB0729900FB1C6B /* Release */,
			);
			defaultConfigurationIsVisible = 0;
			defaultConfigurationName = Release;
		};
		60500AE51FB0729900FB1C6B /* Build configuration list for PBXNativeTarget "IntroToMVC" */ = {
			isa = XCConfigurationList;
			buildConfigurations = (
				60500AE61FB0729900FB1C6B /* Debug */,
				60500AE71FB0729900FB1C6B /* Release */,
			);
			defaultConfigurationIsVisible = 0;
			defaultConfigurationName = Release;
		};
/* End XCConfigurationList section */
	};
	rootObject = 60500ACB1FB0729900FB1C6B /* Project object */;
}
